<?xml version="1.0" encoding="utf-8"?>
<Project ToolsVersion="4.0" xmlns="http://schemas.microsoft.com/developer/msbuild/2003">
  <ItemGroup>
    <ClCompile Include="pch.cpp" />
    <ClCompile Include="RandomAccessReader.cpp" />
    <ClCompile Include="SoundFileReader.cpp" />
    <ClCompile Include="XAudioPlayer.cpp" />
  </ItemGroup>
  <ItemGroup>
    <ClInclude Include="pch.h" />
    <ClInclude Include="BasicMath.h" />
    <ClInclude Include="DirectXSample.h" />
    <ClInclude Include="RandomAccessReader.h" />
    <ClInclude Include="SoundFileReader.h" />
    <ClInclude Include="XAudioPlayer.h" />
  </ItemGroup>
</Project>